
Microsoft Visual Studio Solution File, Format Version 12.00
# Visual Studio 15
VisualStudioVersion = 15.0.27130.2036
MinimumVisualStudioVersion = 10.0.40219.1
Project("{FAE04EC0-301F-11D3-BF4B-00C04F79EFBC}") = "ICOTemplate", "ICOTemplate\ICOTemplate.csproj", "{BD28E837-836F-46D0-8D8B-08FAF1BF394E}"
EndProject
Global
	GlobalSection(SolutionConfigurationPlatforms) = preSolution
		Debug|Any CPU = Debug|Any CPU
		Release|Any CPU = Release|Any CPU
	EndGlobalSection
	GlobalSection(ProjectConfigurationPlatforms) = postSolution
		{BD28E837-836F-46D0-8D8B-08FAF1BF394E}.Debug|Any CPU.ActiveCfg = Debug|Any CPU
		{BD28E837-836F-46D0-8D8B-08FAF1BF394E}.Debug|Any CPU.Build.0 = Debug|Any CPU
		{BD28E837-836F-46D0-8D8B-08FAF1BF394E}.Release|Any CPU.ActiveCfg = Release|Any CPU
		{BD28E837-836F-46D0-8D8B-08FAF1BF394E}.Release|Any CPU.Build.0 = Release|Any CPU
	EndGlobalSection
	GlobalSection(SolutionProperties) = preSolution
		HideSolutionNode = FALSE
	EndGlobalSection
	GlobalSection(ExtensibilityGlobals) = postSolution
		SolutionGuid = {53793616-F9E0-4001-A993-D69A4FD66E4F}
	EndGlobalSection
EndGlobal
